
Microsoft Visual Studio Solution File, Format Version 12.00
# Visual Studio 15
VisualStudioVersion = 15.0.27703.2042
MinimumVisualStudioVersion = 10.0.40219.1
Project("{8BC9CEB8-8B4A-11D0-8D11-00A0C91BC942}") = "ARRAY Name", "ARRAY Name\ARRAY Name.vcxproj", "{43094049-896E-4D24-B90E-B0BE112BBBBE}"
EndProject
Global
	GlobalSection(SolutionConfigurationPlatforms) = preSolution
		Debug|x64 = Debug|x64
		Debug|x86 = Debug|x86
		Release|x64 = Release|x64
		Release|x86 = Release|x86
	EndGlobalSection
	GlobalSection(ProjectConfigurationPlatforms) = postSolution
		{43094049-896E-4D24-B90E-B0BE112BBBBE}.Debug|x64.ActiveCfg = Debug|x64
		{43094049-896E-4D24-B90E-B0BE112BBBBE}.Debug|x64.Build.0 = Debug|x64
		{43094049-896E-4D24-B90E-B0BE112BBBBE}.Debug|x86.ActiveCfg = Debug|Win32
		{43094049-896E-4D24-B90E-B0BE112BBBBE}.Debug|x86.Build.0 = Debug|Win32
		{43094049-896E-4D24-B90E-B0BE112BBBBE}.Release|x64.ActiveCfg = Release|x64
		{43094049-896E-4D24-B90E-B0BE112BBBBE}.Release|x64.Build.0 = Release|x64
		{43094049-896E-4D24-B90E-B0BE112BBBBE}.Release|x86.ActiveCfg = Release|Win32
		{43094049-896E-4D24-B90E-B0BE112BBBBE}.Release|x86.Build.0 = Release|Win32
	EndGlobalSection
	GlobalSection(SolutionProperties) = preSolution
		HideSolutionNode = FALSE
	EndGlobalSection
	GlobalSection(ExtensibilityGlobals) = postSolution
		SolutionGuid = {D9411E58-E5A9-473F-A7EB-72AD759D5A93}
	EndGlobalSection
EndGlobal
