
Microsoft Visual Studio Solution File, Format Version 12.00
# Visual Studio 15
VisualStudioVersion = 15.0.27703.2042
MinimumVisualStudioVersion = 10.0.40219.1
Project("{8BC9CEB8-8B4A-11D0-8D11-00A0C91BC942}") = "Loop FACTORIAL", "Loop FACTORIAL.vcxproj", "{86F9FCD8-ABA9-44F4-9392-ABAFCBE35D5B}"
EndProject
Global
	GlobalSection(SolutionConfigurationPlatforms) = preSolution
		Debug|x64 = Debug|x64
		Debug|x86 = Debug|x86
		Release|x64 = Release|x64
		Release|x86 = Release|x86
	EndGlobalSection
	GlobalSection(ProjectConfigurationPlatforms) = postSolution
		{86F9FCD8-ABA9-44F4-9392-ABAFCBE35D5B}.Debug|x64.ActiveCfg = Debug|x64
		{86F9FCD8-ABA9-44F4-9392-ABAFCBE35D5B}.Debug|x64.Build.0 = Debug|x64
		{86F9FCD8-ABA9-44F4-9392-ABAFCBE35D5B}.Debug|x86.ActiveCfg = Debug|Win32
		{86F9FCD8-ABA9-44F4-9392-ABAFCBE35D5B}.Debug|x86.Build.0 = Debug|Win32
		{86F9FCD8-ABA9-44F4-9392-ABAFCBE35D5B}.Release|x64.ActiveCfg = Release|x64
		{86F9FCD8-ABA9-44F4-9392-ABAFCBE35D5B}.Release|x64.Build.0 = Release|x64
		{86F9FCD8-ABA9-44F4-9392-ABAFCBE35D5B}.Release|x86.ActiveCfg = Release|Win32
		{86F9FCD8-ABA9-44F4-9392-ABAFCBE35D5B}.Release|x86.Build.0 = Release|Win32
	EndGlobalSection
	GlobalSection(SolutionProperties) = preSolution
		HideSolutionNode = FALSE
	EndGlobalSection
	GlobalSection(ExtensibilityGlobals) = postSolution
		SolutionGuid = {D71B0469-3467-4A6B-BE11-B783EE0A65B7}
	EndGlobalSection
EndGlobal
